
Microsoft Visual Studio Solution File, Format Version 12.00
# Visual Studio Version 17
VisualStudioVersion = 17.3.32929.385
MinimumVisualStudioVersion = 10.0.40219.1
Project("{9A19103F-16F7-4668-BE54-9A1E7A4F7556}") = "razor-secret-santa", "razor-secret-santa.csproj", "{5C7C2B6A-63E8-4BFD-9286-852D289666CA}"
EndProject
Global
	GlobalSection(SolutionConfigurationPlatforms) = preSolution
		Debug|Any CPU = Debug|Any CPU
		Release|Any CPU = Release|Any CPU
	EndGlobalSection
	GlobalSection(ProjectConfigurationPlatforms) = postSolution
		{5C7C2B6A-63E8-4BFD-9286-852D289666CA}.Debug|Any CPU.ActiveCfg = Debug|Any CPU
		{5C7C2B6A-63E8-4BFD-9286-852D289666CA}.Debug|Any CPU.Build.0 = Debug|Any CPU
		{5C7C2B6A-63E8-4BFD-9286-852D289666CA}.Release|Any CPU.ActiveCfg = Release|Any CPU
		{5C7C2B6A-63E8-4BFD-9286-852D289666CA}.Release|Any CPU.Build.0 = Release|Any CPU
	EndGlobalSection
	GlobalSection(SolutionProperties) = preSolution
		HideSolutionNode = FALSE
	EndGlobalSection
	GlobalSection(ExtensibilityGlobals) = postSolution
		SolutionGuid = {A02D3C40-6AE8-46BD-92DD-997D073BC342}
	EndGlobalSection
EndGlobal
